// !$*UTF8*$!
{
	archiveVersion = 1;
	classes = {
	};
	objectVersion = 46;
	objects = {

/* Begin PBXBuildFile section */
		AE15F0E71CE5078F000CC4EA /* main.m in Sources */ = {isa = PBXBuildFile; fileRef = AE15F0E61CE5078F000CC4EA /* main.m */; };
		AE15F0EA1CE5078F000CC4EA /* AppDelegate.m in Sources */ = {isa = PBXBuildFile; fileRef = AE15F0E91CE5078F000CC4EA /* AppDelegate.m */; };
		AE15F0ED1CE5078F000CC4EA /* ViewController.m in Sources */ = {isa = PBXBuildFile; fileRef = AE15F0EC1CE5078F000CC4EA /* ViewController.m */; };
		AE15F0F01CE5078F000CC4EA /* Main.storyboard in Resources */ = {isa = PBXBuildFile; fileRef = AE15F0EE1CE5078F000CC4EA /* Main.storyboard */; };
		AE15F0F21CE5078F000CC4EA /* Assets.xcassets in Resources */ = {isa = PBXBuildFile; fileRef = AE15F0F11CE5078F000CC4EA /* Assets.xcassets */; };
		AE15F0F51CE5078F000CC4EA /* LaunchScreen.storyboard in Resources */ = {isa = PBXBuildFile; fileRef = AE15F0F31CE5078F000CC4EA /* LaunchScreen.storyboard */; };
		AE8CA7F81D58DB6100212315 /* libSeeketing-sdk-REFS-SETS_lib.a in Frameworks */ = {isa = PBXBuildFile; fileRef = AE8CA7F41D58DB6100212315 /* libSeeketing-sdk-REFS-SETS_lib.a */; };
		AE8CA7FA1D58DBE300212315 /* SystemConfiguration.framework in Frameworks */ = {isa = PBXBuildFile; fileRef = AE8CA7F91D58DBE300212315 /* SystemConfiguration.framework */; };
		AE8CA7FC1D58DBEE00212315 /* CoreTelephony.framework in Frameworks */ = {isa = PBXBuildFile; fileRef = AE8CA7FB1D58DBEE00212315 /* CoreTelephony.framework */; };
		AE8CA7FE1D58DBF800212315 /* CoreLocation.framework in Frameworks */ = {isa = PBXBuildFile; fileRef = AE8CA7FD1D58DBF800212315 /* CoreLocation.framework */; };
		AE8CA8001D58DC0600212315 /* libsqlite3.tbd in Frameworks */ = {isa = PBXBuildFile; fileRef = AE8CA7FF1D58DC0600212315 /* libsqlite3.tbd */; };
		AE8CA8021D58DC0F00212315 /* StoreKit.framework in Frameworks */ = {isa = PBXBuildFile; fileRef = AE8CA8011D58DC0F00212315 /* StoreKit.framework */; };
		AE8CA8041D58DC1900212315 /* CoreBluetooth.framework in Frameworks */ = {isa = PBXBuildFile; fileRef = AE8CA8031D58DC1900212315 /* CoreBluetooth.framework */; };
		AE8CA8081D58DDC000212315 /* MainVC.m in Sources */ = {isa = PBXBuildFile; fileRef = AE8CA8071D58DDC000212315 /* MainVC.m */; };
		AE8CA8151D58FBC400212315 /* btn_volver.png in Resources */ = {isa = PBXBuildFile; fileRef = AE8CA80D1D58FBC400212315 /* btn_volver.png */; };
		AE8CA8161D58FBC400212315 /* REFSCell.m in Sources */ = {isa = PBXBuildFile; fileRef = AE8CA80F1D58FBC400212315 /* REFSCell.m */; };
		AE8CA8171D58FBC400212315 /* REFSCell.xib in Resources */ = {isa = PBXBuildFile; fileRef = AE8CA8101D58FBC400212315 /* REFSCell.xib */; };
		AE8CA8181D58FBC400212315 /* RefsViewController.m in Sources */ = {isa = PBXBuildFile; fileRef = AE8CA8131D58FBC400212315 /* RefsViewController.m */; };
		AE8CA8191D58FBC400212315 /* RefsViewController.xib in Resources */ = {isa = PBXBuildFile; fileRef = AE8CA8141D58FBC400212315 /* RefsViewController.xib */; };
		AECED4E31D7718C4008F0445 /* banner_registro.jpg in Resources */ = {isa = PBXBuildFile; fileRef = AECED4DB1D7718C3008F0445 /* banner_registro.jpg */; };
		AECED4E61D7718C4008F0445 /* bg_splash.jpg in Resources */ = {isa = PBXBuildFile; fileRef = AECED4DE1D7718C3008F0445 /* bg_splash.jpg */; };
		AECED4E71D7718C4008F0445 /* bg_splash.png in Resources */ = {isa = PBXBuildFile; fileRef = AECED4DF1D7718C3008F0445 /* bg_splash.png */; };
		AECED4E81D7718C4008F0445 /* btn_logout.png in Resources */ = {isa = PBXBuildFile; fileRef = AECED4E01D7718C3008F0445 /* btn_logout.png */; };
		AECED4E91D7718C4008F0445 /* btn_registrarse.png in Resources */ = {isa = PBXBuildFile; fileRef = AECED4E11D7718C3008F0445 /* btn_registrarse.png */; };
		AECED4EA1D7718C4008F0445 /* ico_1024x.png in Resources */ = {isa = PBXBuildFile; fileRef = AECED4E21D7718C3008F0445 /* ico_1024x.png */; };
		AECED4EF1D771FC1008F0445 /* SplashVC.m in Sources */ = {isa = PBXBuildFile; fileRef = AECED4EE1D771FC1008F0445 /* SplashVC.m */; };
		AECED4F11D771FD2008F0445 /* RegisterVC.m in Sources */ = {isa = PBXBuildFile; fileRef = AECED4F01D771FD2008F0445 /* RegisterVC.m */; };
		AECED4F31D771FE5008F0445 /* HomeVC.m in Sources */ = {isa = PBXBuildFile; fileRef = AECED4F21D771FE5008F0445 /* HomeVC.m */; };
		AECED4F61D785FC7008F0445 /* bg_inicio_demo1.jpg in Resources */ = {isa = PBXBuildFile; fileRef = AECED4F51D785FC7008F0445 /* bg_inicio_demo1.jpg */; };
		BB67FDD5D0546BE11AF1B5E9 /* libPods-Demo ObjetiveC.a in Frameworks */ = {isa = PBXBuildFile; fileRef = E0F7564100267899E62320BE /* libPods-Demo ObjetiveC.a */; };
/* End PBXBuildFile section */

/* Begin PBXFileReference section */
		AE15F0E21CE5078F000CC4EA /* Discoverer.app */ = {isa = PBXFileReference; explicitFileType = wrapper.application; includeInIndex = 0; path = Discoverer.app; sourceTree = BUILT_PRODUCTS_DIR; };
		AE15F0E61CE5078F000CC4EA /* main.m */ = {isa = PBXFileReference; lastKnownFileType = sourcecode.c.objc; path = main.m; sourceTree = "<group>"; };
		AE15F0E81CE5078F000CC4EA /* AppDelegate.h */ = {isa = PBXFileReference; lastKnownFileType = sourcecode.c.h; path = AppDelegate.h; sourceTree = "<group>"; };
		AE15F0E91CE5078F000CC4EA /* AppDelegate.m */ = {isa = PBXFileReference; lastKnownFileType = sourcecode.c.objc; path = AppDelegate.m; sourceTree = "<group>"; };
		AE15F0EB1CE5078F000CC4EA /* ViewController.h */ = {isa = PBXFileReference; lastKnownFileType = sourcecode.c.h; path = ViewController.h; sourceTree = "<group>"; };
		AE15F0EC1CE5078F000CC4EA /* ViewController.m */ = {isa = PBXFileReference; lastKnownFileType = sourcecode.c.objc; path = ViewController.m; sourceTree = "<group>"; };
		AE15F0EF1CE5078F000CC4EA /* Base */ = {isa = PBXFileReference; lastKnownFileType = file.storyboard; name = Base; path = Base.lproj/Main.storyboard; sourceTree = "<group>"; };
		AE15F0F11CE5078F000CC4EA /* Assets.xcassets */ = {isa = PBXFileReference; lastKnownFileType = folder.assetcatalog; path = Assets.xcassets; sourceTree = "<group>"; };
		AE15F0F41CE5078F000CC4EA /* Base */ = {isa = PBXFileReference; lastKnownFileType = file.storyboard; name = Base; path = Base.lproj/LaunchScreen.storyboard; sourceTree = "<group>"; };
		AE15F0F61CE5078F000CC4EA /* Info.plist */ = {isa = PBXFileReference; lastKnownFileType = text.plist.xml; path = Info.plist; sourceTree = "<group>"; };
		AE8CA7F41D58DB6100212315 /* libSeeketing-sdk-REFS-SETS_lib.a */ = {isa = PBXFileReference; lastKnownFileType = archive.ar; path = "libSeeketing-sdk-REFS-SETS_lib.a"; sourceTree = "<group>"; };
		AE8CA7F51D58DB6100212315 /* REFS.h */ = {isa = PBXFileReference; fileEncoding = 4; lastKnownFileType = sourcecode.c.h; path = REFS.h; sourceTree = "<group>"; };
		AE8CA7F61D58DB6100212315 /* SETS.h */ = {isa = PBXFileReference; fileEncoding = 4; lastKnownFileType = sourcecode.c.h; path = SETS.h; sourceTree = "<group>"; };
		AE8CA7F71D58DB6100212315 /* SETSEvParams.h */ = {isa = PBXFileReference; fileEncoding = 4; lastKnownFileType = sourcecode.c.h; path = SETSEvParams.h; sourceTree = "<group>"; };
		AE8CA7F91D58DBE300212315 /* SystemConfiguration.framework */ = {isa = PBXFileReference; lastKnownFileType = wrapper.framework; name = SystemConfiguration.framework; path = System/Library/Frameworks/SystemConfiguration.framework; sourceTree = SDKROOT; };
		AE8CA7FB1D58DBEE00212315 /* CoreTelephony.framework */ = {isa = PBXFileReference; lastKnownFileType = wrapper.framework; name = CoreTelephony.framework; path = System/Library/Frameworks/CoreTelephony.framework; sourceTree = SDKROOT; };
		AE8CA7FD1D58DBF800212315 /* CoreLocation.framework */ = {isa = PBXFileReference; lastKnownFileType = wrapper.framework; name = CoreLocation.framework; path = System/Library/Frameworks/CoreLocation.framework; sourceTree = SDKROOT; };
		AE8CA7FF1D58DC0600212315 /* libsqlite3.tbd */ = {isa = PBXFileReference; lastKnownFileType = "sourcecode.text-based-dylib-definition"; name = libsqlite3.tbd; path = usr/lib/libsqlite3.tbd; sourceTree = SDKROOT; };
		AE8CA8011D58DC0F00212315 /* StoreKit.framework */ = {isa = PBXFileReference; lastKnownFileType = wrapper.framework; name = StoreKit.framework; path = System/Library/Frameworks/StoreKit.framework; sourceTree = SDKROOT; };
		AE8CA8031D58DC1900212315 /* CoreBluetooth.framework */ = {isa = PBXFileReference; lastKnownFileType = wrapper.framework; name = CoreBluetooth.framework; path = System/Library/Frameworks/CoreBluetooth.framework; sourceTree = SDKROOT; };
		AE8CA8061D58DCF300212315 /* MainVC.h */ = {isa = PBXFileReference; lastKnownFileType = sourcecode.c.h; path = MainVC.h; sourceTree = "<group>"; };
		AE8CA8071D58DDC000212315 /* MainVC.m */ = {isa = PBXFileReference; fileEncoding = 4; lastKnownFileType = sourcecode.c.objc; path = MainVC.m; sourceTree = "<group>"; };
		AE8CA80D1D58FBC400212315 /* btn_volver.png */ = {isa = PBXFileReference; lastKnownFileType = image.png; path = btn_volver.png; sourceTree = "<group>"; };
		AE8CA80E1D58FBC400212315 /* REFSCell.h */ = {isa = PBXFileReference; fileEncoding = 4; lastKnownFileType = sourcecode.c.h; path = REFSCell.h; sourceTree = "<group>"; };
		AE8CA80F1D58FBC400212315 /* REFSCell.m */ = {isa = PBXFileReference; fileEncoding = 4; lastKnownFileType = sourcecode.c.objc; path = REFSCell.m; sourceTree = "<group>"; };
		AE8CA8101D58FBC400212315 /* REFSCell.xib */ = {isa = PBXFileReference; fileEncoding = 4; lastKnownFileType = file.xib; path = REFSCell.xib; sourceTree = "<group>"; };
		AE8CA8111D58FBC400212315 /* REFSElement.h */ = {isa = PBXFileReference; fileEncoding = 4; lastKnownFileType = sourcecode.c.h; path = REFSElement.h; sourceTree = "<group>"; };
		AE8CA8121D58FBC400212315 /* RefsViewController.h */ = {isa = PBXFileReference; fileEncoding = 4; lastKnownFileType = sourcecode.c.h; path = RefsViewController.h; sourceTree = "<group>"; };
		AE8CA8131D58FBC400212315 /* RefsViewController.m */ = {isa = PBXFileReference; fileEncoding = 4; lastKnownFileType = sourcecode.c.objc; path = RefsViewController.m; sourceTree = "<group>"; };
		AE8CA8141D58FBC400212315 /* RefsViewController.xib */ = {isa = PBXFileReference; fileEncoding = 4; lastKnownFileType = file.xib; path = RefsViewController.xib; sourceTree = "<group>"; };
		AECED4DB1D7718C3008F0445 /* banner_registro.jpg */ = {isa = PBXFileReference; lastKnownFileType = image.jpeg; path = banner_registro.jpg; sourceTree = "<group>"; };
		AECED4DE1D7718C3008F0445 /* bg_splash.jpg */ = {isa = PBXFileReference; lastKnownFileType = image.jpeg; path = bg_splash.jpg; sourceTree = "<group>"; };
		AECED4DF1D7718C3008F0445 /* bg_splash.png */ = {isa = PBXFileReference; lastKnownFileType = image.png; path = bg_splash.png; sourceTree = "<group>"; };
		AECED4E01D7718C3008F0445 /* btn_logout.png */ = {isa = PBXFileReference; lastKnownFileType = image.png; path = btn_logout.png; sourceTree = "<group>"; };
		AECED4E11D7718C3008F0445 /* btn_registrarse.png */ = {isa = PBXFileReference; lastKnownFileType = image.png; path = btn_registrarse.png; sourceTree = "<group>"; };
		AECED4E21D7718C3008F0445 /* ico_1024x.png */ = {isa = PBXFileReference; lastKnownFileType = image.png; path = ico_1024x.png; sourceTree = "<group>"; };
		AECED4EB1D771EC5008F0445 /* SplashVC.h */ = {isa = PBXFileReference; lastKnownFileType = sourcecode.c.h; path = SplashVC.h; sourceTree = "<group>"; };
		AECED4EC1D771EDF008F0445 /* RegisterVC.h */ = {isa = PBXFileReference; lastKnownFileType = sourcecode.c.h; path = RegisterVC.h; sourceTree = "<group>"; };
		AECED4ED1D771FA8008F0445 /* HomeVC.h */ = {isa = PBXFileReference; lastKnownFileType = sourcecode.c.h; path = HomeVC.h; sourceTree = "<group>"; };
		AECED4EE1D771FC1008F0445 /* SplashVC.m */ = {isa = PBXFileReference; fileEncoding = 4; lastKnownFileType = sourcecode.c.objc; path = SplashVC.m; sourceTree = "<group>"; };
		AECED4F01D771FD2008F0445 /* RegisterVC.m */ = {isa = PBXFileReference; fileEncoding = 4; lastKnownFileType = sourcecode.c.objc; path = RegisterVC.m; sourceTree = "<group>"; };
		AECED4F21D771FE5008F0445 /* HomeVC.m */ = {isa = PBXFileReference; fileEncoding = 4; lastKnownFileType = sourcecode.c.objc; path = HomeVC.m; sourceTree = "<group>"; };
		AECED4F41D7774DE008F0445 /* RegisterResponse.h */ = {isa = PBXFileReference; lastKnownFileType = sourcecode.c.h; path = RegisterResponse.h; sourceTree = "<group>"; };
		AECED4F51D785FC7008F0445 /* bg_inicio_demo1.jpg */ = {isa = PBXFileReference; lastKnownFileType = image.jpeg; path = bg_inicio_demo1.jpg; sourceTree = "<group>"; };
		E0F7564100267899E62320BE /* libPods-Demo ObjetiveC.a */ = {isa = PBXFileReference; explicitFileType = archive.ar; includeInIndex = 0; path = "libPods-Demo ObjetiveC.a"; sourceTree = BUILT_PRODUCTS_DIR; };
		E420B8A86FF0BD282E9A1177 /* Pods-Demo ObjetiveC.debug.xcconfig */ = {isa = PBXFileReference; includeInIndex = 1; lastKnownFileType = text.xcconfig; name = "Pods-Demo ObjetiveC.debug.xcconfig"; path = "Pods/Target Support Files/Pods-Demo ObjetiveC/Pods-Demo ObjetiveC.debug.xcconfig"; sourceTree = "<group>"; };
		FAA6362A6AF77E13C5B21D7E /* Pods-Demo ObjetiveC.release.xcconfig */ = {isa = PBXFileReference; includeInIndex = 1; lastKnownFileType = text.xcconfig; name = "Pods-Demo ObjetiveC.release.xcconfig"; path = "Pods/Target Support Files/Pods-Demo ObjetiveC/Pods-Demo ObjetiveC.release.xcconfig"; sourceTree = "<group>"; };
/* End PBXFileReference section */

/* Begin PBXFrameworksBuildPhase section */
		AE15F0DF1CE5078F000CC4EA /* Frameworks */ = {
			isa = PBXFrameworksBuildPhase;
			buildActionMask = 2147483647;
			files = (
				AE8CA8041D58DC1900212315 /* CoreBluetooth.framework in Frameworks */,
				AE8CA8021D58DC0F00212315 /* StoreKit.framework in Frameworks */,
				AE8CA8001D58DC0600212315 /* libsqlite3.tbd in Frameworks */,
				AE8CA7FE1D58DBF800212315 /* CoreLocation.framework in Frameworks */,
				AE8CA7FC1D58DBEE00212315 /* CoreTelephony.framework in Frameworks */,
				AE8CA7FA1D58DBE300212315 /* SystemConfiguration.framework in Frameworks */,
				AE8CA7F81D58DB6100212315 /* libSeeketing-sdk-REFS-SETS_lib.a in Frameworks */,
				BB67FDD5D0546BE11AF1B5E9 /* libPods-Demo ObjetiveC.a in Frameworks */,
			);
			runOnlyForDeploymentPostprocessing = 0;
		};
/* End PBXFrameworksBuildPhase section */

/* Begin PBXGroup section */
		7D9A44F4E3D44FB09D8617A6 /* Pods */ = {
			isa = PBXGroup;
			children = (
				E420B8A86FF0BD282E9A1177 /* Pods-Demo ObjetiveC.debug.xcconfig */,
				FAA6362A6AF77E13C5B21D7E /* Pods-Demo ObjetiveC.release.xcconfig */,
			);
			name = Pods;
			sourceTree = "<group>";
		};
		AE15F0D91CE5078F000CC4EA = {
			isa = PBXGroup;
			children = (
				AE8CA8051D58DC2200212315 /* Frameworks */,
				AE15F0E41CE5078F000CC4EA /* Demo ObjetiveC */,
				AE15F0E31CE5078F000CC4EA /* Products */,
				7D9A44F4E3D44FB09D8617A6 /* Pods */,
			);
			sourceTree = "<group>";
		};
		AE15F0E31CE5078F000CC4EA /* Products */ = {
			isa = PBXGroup;
			children = (
				AE15F0E21CE5078F000CC4EA /* Discoverer.app */,
			);
			name = Products;
			sourceTree = "<group>";
		};
		AE15F0E41CE5078F000CC4EA /* Demo ObjetiveC */ = {
			isa = PBXGroup;
			children = (
				AECED4DA1D77183E008F0445 /* Imagenes */,
				AE8CA7F31D58DB2900212315 /* Seeketing */,
				AE15F0E81CE5078F000CC4EA /* AppDelegate.h */,
				AE15F0E91CE5078F000CC4EA /* AppDelegate.m */,
				AECED4EB1D771EC5008F0445 /* SplashVC.h */,
				AECED4EE1D771FC1008F0445 /* SplashVC.m */,
				AECED4EC1D771EDF008F0445 /* RegisterVC.h */,
				AECED4F01D771FD2008F0445 /* RegisterVC.m */,
				AECED4ED1D771FA8008F0445 /* HomeVC.h */,
				AECED4F21D771FE5008F0445 /* HomeVC.m */,
				AECED4F41D7774DE008F0445 /* RegisterResponse.h */,
				AE8CA8061D58DCF300212315 /* MainVC.h */,
				AE8CA8071D58DDC000212315 /* MainVC.m */,
				AE15F0EB1CE5078F000CC4EA /* ViewController.h */,
				AE15F0EC1CE5078F000CC4EA /* ViewController.m */,
				AE15F0EE1CE5078F000CC4EA /* Main.storyboard */,
				AE15F0F11CE5078F000CC4EA /* Assets.xcassets */,
				AE15F0F31CE5078F000CC4EA /* LaunchScreen.storyboard */,
				AE15F0F61CE5078F000CC4EA /* Info.plist */,
				AE15F0E51CE5078F000CC4EA /* Supporting Files */,
			);
			name = "Demo ObjetiveC";
			path = Demo;
			sourceTree = "<group>";
		};
		AE15F0E51CE5078F000CC4EA /* Supporting Files */ = {
			isa = PBXGroup;
			children = (
				AE15F0E61CE5078F000CC4EA /* main.m */,
			);
			name = "Supporting Files";
			sourceTree = "<group>";
		};
		AE8CA7F31D58DB2900212315 /* Seeketing */ = {
			isa = PBXGroup;
			children = (
				AE8CA80C1D58FBBA00212315 /* Notifications */,
				AE8CA7F41D58DB6100212315 /* libSeeketing-sdk-REFS-SETS_lib.a */,
				AE8CA7F51D58DB6100212315 /* REFS.h */,
				AE8CA7F61D58DB6100212315 /* SETS.h */,
				AE8CA7F71D58DB6100212315 /* SETSEvParams.h */,
			);
			name = Seeketing;
			sourceTree = "<group>";
		};
		AE8CA8051D58DC2200212315 /* Frameworks */ = {
			isa = PBXGroup;
			children = (
				AE8CA8031D58DC1900212315 /* CoreBluetooth.framework */,
				AE8CA8011D58DC0F00212315 /* StoreKit.framework */,
				AE8CA7FF1D58DC0600212315 /* libsqlite3.tbd */,
				AE8CA7FD1D58DBF800212315 /* CoreLocation.framework */,
				AE8CA7FB1D58DBEE00212315 /* CoreTelephony.framework */,
				AE8CA7F91D58DBE300212315 /* SystemConfiguration.framework */,
				E0F7564100267899E62320BE /* libPods-Demo ObjetiveC.a */,
			);
			name = Frameworks;
			sourceTree = "<group>";
		};
		AE8CA80C1D58FBBA00212315 /* Notifications */ = {
			isa = PBXGroup;
			children = (
				AE8CA80D1D58FBC400212315 /* btn_volver.png */,
				AE8CA80E1D58FBC400212315 /* REFSCell.h */,
				AE8CA80F1D58FBC400212315 /* REFSCell.m */,
				AE8CA8101D58FBC400212315 /* REFSCell.xib */,
				AE8CA8111D58FBC400212315 /* REFSElement.h */,
				AE8CA8121D58FBC400212315 /* RefsViewController.h */,
				AE8CA8131D58FBC400212315 /* RefsViewController.m */,
				AE8CA8141D58FBC400212315 /* RefsViewController.xib */,
			);
			name = Notifications;
			sourceTree = "<group>";
		};
		AECED4DA1D77183E008F0445 /* Imagenes */ = {
			isa = PBXGroup;
			children = (
				AECED4DB1D7718C3008F0445 /* banner_registro.jpg */,
				AECED4F51D785FC7008F0445 /* bg_inicio_demo1.jpg */,
				AECED4DE1D7718C3008F0445 /* bg_splash.jpg */,
				AECED4DF1D7718C3008F0445 /* bg_splash.png */,
				AECED4E01D7718C3008F0445 /* btn_logout.png */,
				AECED4E11D7718C3008F0445 /* btn_registrarse.png */,
				AECED4E21D7718C3008F0445 /* ico_1024x.png */,
			);
			name = Imagenes;
			sourceTree = "<group>";
		};
/* End PBXGroup section */

/* Begin PBXNativeTarget section */
		AE15F0E11CE5078F000CC4EA /* Discoverer */ = {
			isa = PBXNativeTarget;
			buildConfigurationList = AE15F0F91CE5078F000CC4EA /* Build configuration list for PBXNativeTarget "Discoverer" */;
			buildPhases = (
				888010AE7EC0B72333B53183 /* [CP] Check Pods Manifest.lock */,
				AE15F0DE1CE5078F000CC4EA /* Sources */,
				AE15F0DF1CE5078F000CC4EA /* Frameworks */,
				AE15F0E01CE5078F000CC4EA /* Resources */,
				F298A6523A3DCA184FF60BC5 /* [CP] Embed Pods Frameworks */,
				F1B4DE16D890D78109C07A88 /* [CP] Copy Pods Resources */,
			);
			buildRules = (
			);
			dependencies = (
			);
			name = Discoverer;
			productName = "Demo ObjetiveC";
			productReference = AE15F0E21CE5078F000CC4EA /* Discoverer.app */;
			productType = "com.apple.product-type.application";
		};
/* End PBXNativeTarget section */

/* Begin PBXProject section */
		AE15F0DA1CE5078F000CC4EA /* Project object */ = {
			isa = PBXProject;
			attributes = {
				LastUpgradeCheck = 0730;
				ORGANIZATIONNAME = "Miguel A. Zapata";
				TargetAttributes = {
					AE15F0E11CE5078F000CC4EA = {
						CreatedOnToolsVersion = 7.3;
						DevelopmentTeam = VZC56G5JWM;
					};
				};
			};
			buildConfigurationList = AE15F0DD1CE5078F000CC4EA /* Build configuration list for PBXProject "Discoverer" */;
			compatibilityVersion = "Xcode 3.2";
			developmentRegion = English;
			hasScannedForEncodings = 0;
			knownRegions = (
				en,
				Base,
			);
			mainGroup = AE15F0D91CE5078F000CC4EA;
			productRefGroup = AE15F0E31CE5078F000CC4EA /* Products */;
			projectDirPath = "";
			projectRoot = "";
			targets = (
				AE15F0E11CE5078F000CC4EA /* Discoverer */,
			);
		};
/* End PBXProject section */

/* Begin PBXResourcesBuildPhase section */
		AE15F0E01CE5078F000CC4EA /* Resources */ = {
			isa = PBXResourcesBuildPhase;
			buildActionMask = 2147483647;
			files = (
				AE15F0F51CE5078F000CC4EA /* LaunchScreen.storyboard in Resources */,
				AECED4F61D785FC7008F0445 /* bg_inicio_demo1.jpg in Resources */,
				AE15F0F21CE5078F000CC4EA /* Assets.xcassets in Resources */,
				AECED4E81D7718C4008F0445 /* btn_logout.png in Resources */,
				AECED4E71D7718C4008F0445 /* bg_splash.png in Resources */,
				AECED4E91D7718C4008F0445 /* btn_registrarse.png in Resources */,
				AECED4E31D7718C4008F0445 /* banner_registro.jpg in Resources */,
				AECED4E61D7718C4008F0445 /* bg_splash.jpg in Resources */,
				AECED4EA1D7718C4008F0445 /* ico_1024x.png in Resources */,
				AE8CA8151D58FBC400212315 /* btn_volver.png in Resources */,
				AE15F0F01CE5078F000CC4EA /* Main.storyboard in Resources */,
				AE8CA8191D58FBC400212315 /* RefsViewController.xib in Resources */,
				AE8CA8171D58FBC400212315 /* REFSCell.xib in Resources */,
			);
			runOnlyForDeploymentPostprocessing = 0;
		};
/* End PBXResourcesBuildPhase section */

/* Begin PBXShellScriptBuildPhase section */
		888010AE7EC0B72333B53183 /* [CP] Check Pods Manifest.lock */ = {
			isa = PBXShellScriptBuildPhase;
			buildActionMask = 2147483647;
			files = (
			);
			inputPaths = (
			);
			name = "[CP] Check Pods Manifest.lock";
			outputPaths = (
			);
			runOnlyForDeploymentPostprocessing = 0;
			shellPath = /bin/sh;
			shellScript = "diff \"${PODS_ROOT}/../Podfile.lock\" \"${PODS_ROOT}/Manifest.lock\" > /dev/null\nif [[ $? != 0 ]] ; then\n    cat << EOM\nerror: The sandbox is not in sync with the Podfile.lock. Run 'pod install' or update your CocoaPods installation.\nEOM\n    exit 1\nfi\n";
			showEnvVarsInLog = 0;
		};
		F1B4DE16D890D78109C07A88 /* [CP] Copy Pods Resources */ = {
			isa = PBXShellScriptBuildPhase;
			buildActionMask = 2147483647;
			files = (
			);
			inputPaths = (
			);
			name = "[CP] Copy Pods Resources";
			outputPaths = (
			);
			runOnlyForDeploymentPostprocessing = 0;
			shellPath = /bin/sh;
			shellScript = "\"${SRCROOT}/Pods/Target Support Files/Pods-Demo ObjetiveC/Pods-Demo ObjetiveC-resources.sh\"\n";
			showEnvVarsInLog = 0;
		};
		F298A6523A3DCA184FF60BC5 /* [CP] Embed Pods Frameworks */ = {
			isa = PBXShellScriptBuildPhase;
			buildActionMask = 2147483647;
			files = (
			);
			inputPaths = (
			);
			name = "[CP] Embed Pods Frameworks";
			outputPaths = (
			);
			runOnlyForDeploymentPostprocessing = 0;
			shellPath = /bin/sh;
			shellScript = "\"${SRCROOT}/Pods/Target Support Files/Pods-Demo ObjetiveC/Pods-Demo ObjetiveC-frameworks.sh\"\n";
			showEnvVarsInLog = 0;
		};
/* End PBXShellScriptBuildPhase section */

/* Begin PBXSourcesBuildPhase section */
		AE15F0DE1CE5078F000CC4EA /* Sources */ = {
			isa = PBXSourcesBuildPhase;
			buildActionMask = 2147483647;
			files = (
				AE15F0ED1CE5078F000CC4EA /* ViewController.m in Sources */,
				AE8CA8081D58DDC000212315 /* MainVC.m in Sources */,
				AE15F0EA1CE5078F000CC4EA /* AppDelegate.m in Sources */,
				AECED4F31D771FE5008F0445 /* HomeVC.m in Sources */,
				AE15F0E71CE5078F000CC4EA /* main.m in Sources */,
				AECED4EF1D771FC1008F0445 /* SplashVC.m in Sources */,
				AECED4F11D771FD2008F0445 /* RegisterVC.m in Sources */,
				AE8CA8181D58FBC400212315 /* RefsViewController.m in Sources */,
				AE8CA8161D58FBC400212315 /* REFSCell.m in Sources */,
			);
			runOnlyForDeploymentPostprocessing = 0;
		};
/* End PBXSourcesBuildPhase section */

/* Begin PBXVariantGroup section */
		AE15F0EE1CE5078F000CC4EA /* Main.storyboard */ = {
			isa = PBXVariantGroup;
			children = (
				AE15F0EF1CE5078F000CC4EA /* Base */,
			);
			name = Main.storyboard;
			sourceTree = "<group>";
		};
		AE15F0F31CE5078F000CC4EA /* LaunchScreen.storyboard */ = {
			isa = PBXVariantGroup;
			children = (
				AE15F0F41CE5078F000CC4EA /* Base */,
			);
			name = LaunchScreen.storyboard;
			sourceTree = "<group>";
		};
/* End PBXVariantGroup section */

/* Begin XCBuildConfiguration section */
		AE15F0F71CE5078F000CC4EA /* Debug */ = {
			isa = XCBuildConfiguration;
			buildSettings = {
				ALWAYS_SEARCH_USER_PATHS = NO;
				CLANG_ANALYZER_NONNULL = YES;
				CLANG_CXX_LANGUAGE_STANDARD = "gnu++0x";
				CLANG_CXX_LIBRARY = "libc++";
				CLANG_ENABLE_MODULES = YES;
				CLANG_ENABLE_OBJC_ARC = YES;
				CLANG_WARN_BOOL_CONVERSION = YES;
				CLANG_WARN_CONSTANT_CONVERSION = YES;
				CLANG_WARN_DIRECT_OBJC_ISA_USAGE = YES_ERROR;
				CLANG_WARN_EMPTY_BODY = YES;
				CLANG_WARN_ENUM_CONVERSION = YES;
				CLANG_WARN_INT_CONVERSION = YES;
				CLANG_WARN_OBJC_ROOT_CLASS = YES_ERROR;
				CLANG_WARN_UNREACHABLE_CODE = YES;
				CLANG_WARN__DUPLICATE_METHOD_MATCH = YES;
				"CODE_SIGN_IDENTITY[sdk=iphoneos*]" = "iPhone Developer";
				COPY_PHASE_STRIP = NO;
				DEBUG_INFORMATION_FORMAT = dwarf;
				ENABLE_STRICT_OBJC_MSGSEND = YES;
				ENABLE_TESTABILITY = YES;
				GCC_C_LANGUAGE_STANDARD = gnu99;
				GCC_DYNAMIC_NO_PIC = NO;
				GCC_NO_COMMON_BLOCKS = YES;
				GCC_OPTIMIZATION_LEVEL = 0;
				GCC_PREPROCESSOR_DEFINITIONS = (
					"DEBUG=1",
					"$(inherited)",
				);
				GCC_WARN_64_TO_32_BIT_CONVERSION = YES;
				GCC_WARN_ABOUT_RETURN_TYPE = YES_ERROR;
				GCC_WARN_UNDECLARED_SELECTOR = YES;
				GCC_WARN_UNINITIALIZED_AUTOS = YES_AGGRESSIVE;
				GCC_WARN_UNUSED_FUNCTION = YES;
				GCC_WARN_UNUSED_VARIABLE = YES;
				IPHONEOS_DEPLOYMENT_TARGET = 9.3;
				MTL_ENABLE_DEBUG_INFO = YES;
				ONLY_ACTIVE_ARCH = YES;
				SDKROOT = iphoneos;
				TARGETED_DEVICE_FAMILY = "1,2";
			};
			name = Debug;
		};
		AE15F0F81CE5078F000CC4EA /* Release */ = {
			isa = XCBuildConfiguration;
			buildSettings = {
				ALWAYS_SEARCH_USER_PATHS = NO;
				CLANG_ANALYZER_NONNULL = YES;
				CLANG_CXX_LANGUAGE_STANDARD = "gnu++0x";
				CLANG_CXX_LIBRARY = "libc++";
				CLANG_ENABLE_MODULES = YES;
				CLANG_ENABLE_OBJC_ARC = YES;
				CLANG_WARN_BOOL_CONVERSION = YES;
				CLANG_WARN_CONSTANT_CONVERSION = YES;
				CLANG_WARN_DIRECT_OBJC_ISA_USAGE = YES_ERROR;
				CLANG_WARN_EMPTY_BODY = YES;
				CLANG_WARN_ENUM_CONVERSION = YES;
				CLANG_WARN_INT_CONVERSION = YES;
				CLANG_WARN_OBJC_ROOT_CLASS = YES_ERROR;
				CLANG_WARN_UNREACHABLE_CODE = YES;
				CLANG_WARN__DUPLICATE_METHOD_MATCH = YES;
				"CODE_SIGN_IDENTITY[sdk=iphoneos*]" = "iPhone Developer";
				COPY_PHASE_STRIP = NO;
				DEBUG_INFORMATION_FORMAT = "dwarf-with-dsym";
				ENABLE_NS_ASSERTIONS = NO;
				ENABLE_STRICT_OBJC_MSGSEND = YES;
				GCC_C_LANGUAGE_STANDARD = gnu99;
				GCC_NO_COMMON_BLOCKS = YES;
				GCC_WARN_64_TO_32_BIT_CONVERSION = YES;
				GCC_WARN_ABOUT_RETURN_TYPE = YES_ERROR;
				GCC_WARN_UNDECLARED_SELECTOR = YES;
				GCC_WARN_UNINITIALIZED_AUTOS = YES_AGGRESSIVE;
				GCC_WARN_UNUSED_FUNCTION = YES;
				GCC_WARN_UNUSED_VARIABLE = YES;
				IPHONEOS_DEPLOYMENT_TARGET = 9.3;
				MTL_ENABLE_DEBUG_INFO = NO;
				SDKROOT = iphoneos;
				TARGETED_DEVICE_FAMILY = "1,2";
				VALIDATE_PRODUCT = YES;
			};
			name = Release;
		};
		AE15F0FA1CE5078F000CC4EA /* Debug */ = {
			isa = XCBuildConfiguration;
			baseConfigurationReference = E420B8A86FF0BD282E9A1177 /* Pods-Demo ObjetiveC.debug.xcconfig */;
			buildSettings = {
				ASSETCATALOG_COMPILER_APPICON_NAME = AppIcon;
				CODE_SIGN_IDENTITY = "iPhone Developer";
				"CODE_SIGN_IDENTITY[sdk=iphoneos*]" = "iPhone Developer";
				INFOPLIST_FILE = "$(SRCROOT)/Demo/Info.plist";
				IPHONEOS_DEPLOYMENT_TARGET = 8.0;
				LD_RUNPATH_SEARCH_PATHS = "$(inherited) @executable_path/Frameworks";
				LIBRARY_SEARCH_PATHS = (
					"$(inherited)",
					"$(PROJECT_DIR)/Demo",
					ObjetiveC,
				);
				PRODUCT_BUNDLE_IDENTIFIER = com.celmedia.seeketingdemo;
				PRODUCT_NAME = Discoverer;
				PROVISIONING_PROFILE = "";
				TARGETED_DEVICE_FAMILY = 1;
			};
			name = Debug;
		};
		AE15F0FB1CE5078F000CC4EA /* Release */ = {
			isa = XCBuildConfiguration;
			baseConfigurationReference = FAA6362A6AF77E13C5B21D7E /* Pods-Demo ObjetiveC.release.xcconfig */;
			buildSettings = {
				ASSETCATALOG_COMPILER_APPICON_NAME = AppIcon;
				CODE_SIGN_IDENTITY = "iPhone Developer";
				"CODE_SIGN_IDENTITY[sdk=iphoneos*]" = "iPhone Developer";
				INFOPLIST_FILE = "$(SRCROOT)/Demo/Info.plist";
				IPHONEOS_DEPLOYMENT_TARGET = 8.0;
				LD_RUNPATH_SEARCH_PATHS = "$(inherited) @executable_path/Frameworks";
				LIBRARY_SEARCH_PATHS = (
					"$(inherited)",
					"$(PROJECT_DIR)/Demo",
					ObjetiveC,
				);
				PRODUCT_BUNDLE_IDENTIFIER = com.celmedia.seeketingdemo;
				PRODUCT_NAME = Discoverer;
				PROVISIONING_PROFILE = "";
				TARGETED_DEVICE_FAMILY = 1;
			};
			name = Release;
		};
/* End XCBuildConfiguration section */

/* Begin XCConfigurationList section */
		AE15F0DD1CE5078F000CC4EA /* Build configuration list for PBXProject "Discoverer" */ = {
			isa = XCConfigurationList;
			buildConfigurations = (
				AE15F0F71CE5078F000CC4EA /* Debug */,
				AE15F0F81CE5078F000CC4EA /* Release */,
			);
			defaultConfigurationIsVisible = 0;
			defaultConfigurationName = Release;
		};
		AE15F0F91CE5078F000CC4EA /* Build configuration list for PBXNativeTarget "Discoverer" */ = {
			isa = XCConfigurationList;
			buildConfigurations = (
				AE15F0FA1CE5078F000CC4EA /* Debug */,
				AE15F0FB1CE5078F000CC4EA /* Release */,
			);
			defaultConfigurationIsVisible = 0;
			defaultConfigurationName = Release;
		};
/* End XCConfigurationList section */
	};
	rootObject = AE15F0DA1CE5078F000CC4EA /* Project object */;
}
